
Microsoft Visual Studio Solution File, Format Version 12.00
# Visual Studio 15
VisualStudioVersion = 15.0.27703.2042
MinimumVisualStudioVersion = 10.0.40219.1
Project("{FAE04EC0-301F-11D3-BF4B-00C04F79EFBC}") = "YourLibrary.Models", "YourLibrary.Models\YourLibrary.Models.csproj", "{C49694BA-594E-400B-A94E-C87AD017CC5C}"
EndProject
Project("{FAE04EC0-301F-11D3-BF4B-00C04F79EFBC}") = "YourLibrary.Data", "YourLibrary.Data\YourLibrary.Data.csproj", "{110785E4-3EC6-491A-A8F4-A3A4757435F0}"
EndProject
Project("{FAE04EC0-301F-11D3-BF4B-00C04F79EFBC}") = "YourLibrary.Service", "YourLibrary.Service\YourLibrary.Service.csproj", "{0E300AAB-F492-4015-9E50-8B5E9F3F2B48}"
EndProject
Project("{FAE04EC0-301F-11D3-BF4B-00C04F79EFBC}") = "YourLibrary.Web", "YourLibrary.Web\YourLibrary.Web.csproj", "{A7B4A1F9-6940-4378-B5E2-7FBAD9B4A265}"
EndProject
Global
	GlobalSection(SolutionConfigurationPlatforms) = preSolution
		Debug|Any CPU = Debug|Any CPU
		Release|Any CPU = Release|Any CPU
	EndGlobalSection
	GlobalSection(ProjectConfigurationPlatforms) = postSolution
		{C49694BA-594E-400B-A94E-C87AD017CC5C}.Debug|Any CPU.ActiveCfg = Debug|Any CPU
		{C49694BA-594E-400B-A94E-C87AD017CC5C}.Debug|Any CPU.Build.0 = Debug|Any CPU
		{C49694BA-594E-400B-A94E-C87AD017CC5C}.Release|Any CPU.ActiveCfg = Release|Any CPU
		{C49694BA-594E-400B-A94E-C87AD017CC5C}.Release|Any CPU.Build.0 = Release|Any CPU
		{110785E4-3EC6-491A-A8F4-A3A4757435F0}.Debug|Any CPU.ActiveCfg = Debug|Any CPU
		{110785E4-3EC6-491A-A8F4-A3A4757435F0}.Debug|Any CPU.Build.0 = Debug|Any CPU
		{110785E4-3EC6-491A-A8F4-A3A4757435F0}.Release|Any CPU.ActiveCfg = Release|Any CPU
		{110785E4-3EC6-491A-A8F4-A3A4757435F0}.Release|Any CPU.Build.0 = Release|Any CPU
		{0E300AAB-F492-4015-9E50-8B5E9F3F2B48}.Debug|Any CPU.ActiveCfg = Debug|Any CPU
		{0E300AAB-F492-4015-9E50-8B5E9F3F2B48}.Debug|Any CPU.Build.0 = Debug|Any CPU
		{0E300AAB-F492-4015-9E50-8B5E9F3F2B48}.Release|Any CPU.ActiveCfg = Release|Any CPU
		{0E300AAB-F492-4015-9E50-8B5E9F3F2B48}.Release|Any CPU.Build.0 = Release|Any CPU
		{A7B4A1F9-6940-4378-B5E2-7FBAD9B4A265}.Debug|Any CPU.ActiveCfg = Debug|Any CPU
		{A7B4A1F9-6940-4378-B5E2-7FBAD9B4A265}.Debug|Any CPU.Build.0 = Debug|Any CPU
		{A7B4A1F9-6940-4378-B5E2-7FBAD9B4A265}.Release|Any CPU.ActiveCfg = Release|Any CPU
		{A7B4A1F9-6940-4378-B5E2-7FBAD9B4A265}.Release|Any CPU.Build.0 = Release|Any CPU
	EndGlobalSection
	GlobalSection(SolutionProperties) = preSolution
		HideSolutionNode = FALSE
	EndGlobalSection
	GlobalSection(ExtensibilityGlobals) = postSolution
		SolutionGuid = {2C541F21-FD56-42A1-847D-728B6B77C664}
	EndGlobalSection
EndGlobal
